// !$*UTF8*$!
{
	archiveVersion = 1;
	classes = {
	};
	objectVersion = 50;
	objects = {

/* Begin PBXBuildFile section */
		10046D8721A6D48D0058FE5B /* FalcoComFramework.m in Sources */ = {isa = PBXBuildFile; fileRef = 10046D8621A6D48D0058FE5B /* FalcoComFramework.m */; };
		10046DDA21A6D8500058FE5B /* ServiceCenter.m in Sources */ = {isa = PBXBuildFile; fileRef = 10046DD021A6D84F0058FE5B /* ServiceCenter.m */; };
		10046DDC21A6D8500058FE5B /* ObjectFactory.m in Sources */ = {isa = PBXBuildFile; fileRef = 10046DD721A6D8500058FE5B /* ObjectFactory.m */; };
		10046DDD21A6D8500058FE5B /* ComponentMgr.m in Sources */ = {isa = PBXBuildFile; fileRef = 10046DD821A6D8500058FE5B /* ComponentMgr.m */; };
		10046DEA21A6E0110058FE5B /* IServiceCenter.h in CopyFiles */ = {isa = PBXBuildFile; fileRef = 10046DE521A6E0110058FE5B /* IServiceCenter.h */; };
		10046DEB21A6E0110058FE5B /* ITXCoreCenter.h in CopyFiles */ = {isa = PBXBuildFile; fileRef = 10046DE621A6E0110058FE5B /* ITXCoreCenter.h */; };
		10046DEC21A6E0110058FE5B /* ComponentObjectRoot.h in CopyFiles */ = {isa = PBXBuildFile; fileRef = 10046DE721A6E0110058FE5B /* ComponentObjectRoot.h */; };
		10046DED21A6E0110058FE5B /* IObjectFactory.h in CopyFiles */ = {isa = PBXBuildFile; fileRef = 10046DE821A6E0110058FE5B /* IObjectFactory.h */; };
		10046DEE21A6E0110058FE5B /* ITXComponent.h in CopyFiles */ = {isa = PBXBuildFile; fileRef = 10046DE921A6E0110058FE5B /* ITXComponent.h */; };
		10046EB621AC1C620058FE5B /* UtilCore.m in Sources */ = {isa = PBXBuildFile; fileRef = 10046EB521AC1C620058FE5B /* UtilCore.m */; };
		10046EB821AC1E790058FE5B /* UtilCore.h in CopyFiles */ = {isa = PBXBuildFile; fileRef = 10046EB721AC1E790058FE5B /* UtilCore.h */; };
		10046EC121AC23050058FE5B /* XMLDictionary.m in Sources */ = {isa = PBXBuildFile; fileRef = 10046EBE21AC23050058FE5B /* XMLDictionary.m */; };
		10B5BE5721ACE195006524A2 /* ClassMetaInfo.m in Sources */ = {isa = PBXBuildFile; fileRef = 10B5BE5621ACE195006524A2 /* ClassMetaInfo.m */; };
		10B5BE9121AD6E2B006524A2 /* ComponentObjectRoot.m in Sources */ = {isa = PBXBuildFile; fileRef = 10B5BE9021AD6E2A006524A2 /* ComponentObjectRoot.m */; };
/* End PBXBuildFile section */

/* Begin PBXCopyFilesBuildPhase section */
		10046D8021A6D48D0058FE5B /* CopyFiles */ = {
			isa = PBXCopyFilesBuildPhase;
			buildActionMask = 2147483647;
			dstPath = include;
			dstSubfolderSpec = 16;
			files = (
				10046EB821AC1E790058FE5B /* UtilCore.h in CopyFiles */,
				10046DEA21A6E0110058FE5B /* IServiceCenter.h in CopyFiles */,
				10046DEB21A6E0110058FE5B /* ITXCoreCenter.h in CopyFiles */,
				10046DEC21A6E0110058FE5B /* ComponentObjectRoot.h in CopyFiles */,
				10046DED21A6E0110058FE5B /* IObjectFactory.h in CopyFiles */,
				10046DEE21A6E0110058FE5B /* ITXComponent.h in CopyFiles */,
			);
			runOnlyForDeploymentPostprocessing = 0;
		};
/* End PBXCopyFilesBuildPhase section */

/* Begin PBXFileReference section */
		10046D8221A6D48D0058FE5B /* libFalcoComFramework.a */ = {isa = PBXFileReference; explicitFileType = archive.ar; includeInIndex = 0; path = libFalcoComFramework.a; sourceTree = BUILT_PRODUCTS_DIR; };
		10046D8521A6D48D0058FE5B /* FalcoComFramework.h */ = {isa = PBXFileReference; lastKnownFileType = sourcecode.c.h; path = FalcoComFramework.h; sourceTree = "<group>"; };
		10046D8621A6D48D0058FE5B /* FalcoComFramework.m */ = {isa = PBXFileReference; lastKnownFileType = sourcecode.c.objc; path = FalcoComFramework.m; sourceTree = "<group>"; };
		10046DD021A6D84F0058FE5B /* ServiceCenter.m */ = {isa = PBXFileReference; fileEncoding = 4; lastKnownFileType = sourcecode.c.objc; path = ServiceCenter.m; sourceTree = "<group>"; };
		10046DD321A6D84F0058FE5B /* ObjectFactory.h */ = {isa = PBXFileReference; fileEncoding = 4; lastKnownFileType = sourcecode.c.h; path = ObjectFactory.h; sourceTree = "<group>"; };
		10046DD421A6D8500058FE5B /* ComponentMgr.h */ = {isa = PBXFileReference; fileEncoding = 4; lastKnownFileType = sourcecode.c.h; path = ComponentMgr.h; sourceTree = "<group>"; };
		10046DD521A6D8500058FE5B /* ServiceCenter.h */ = {isa = PBXFileReference; fileEncoding = 4; lastKnownFileType = sourcecode.c.h; path = ServiceCenter.h; sourceTree = "<group>"; };
		10046DD721A6D8500058FE5B /* ObjectFactory.m */ = {isa = PBXFileReference; fileEncoding = 4; lastKnownFileType = sourcecode.c.objc; path = ObjectFactory.m; sourceTree = "<group>"; };
		10046DD821A6D8500058FE5B /* ComponentMgr.m */ = {isa = PBXFileReference; fileEncoding = 4; lastKnownFileType = sourcecode.c.objc; path = ComponentMgr.m; sourceTree = "<group>"; };
		10046DE521A6E0110058FE5B /* IServiceCenter.h */ = {isa = PBXFileReference; lastKnownFileType = sourcecode.c.h; name = IServiceCenter.h; path = ../include/IServiceCenter.h; sourceTree = "<group>"; };
		10046DE621A6E0110058FE5B /* ITXCoreCenter.h */ = {isa = PBXFileReference; lastKnownFileType = sourcecode.c.h; name = ITXCoreCenter.h; path = ../include/ITXCoreCenter.h; sourceTree = "<group>"; };
		10046DE721A6E0110058FE5B /* ComponentObjectRoot.h */ = {isa = PBXFileReference; lastKnownFileType = sourcecode.c.h; name = ComponentObjectRoot.h; path = ../include/ComponentObjectRoot.h; sourceTree = "<group>"; };
		10046DE821A6E0110058FE5B /* IObjectFactory.h */ = {isa = PBXFileReference; lastKnownFileType = sourcecode.c.h; name = IObjectFactory.h; path = ../include/IObjectFactory.h; sourceTree = "<group>"; };
		10046DE921A6E0110058FE5B /* ITXComponent.h */ = {isa = PBXFileReference; lastKnownFileType = sourcecode.c.h; name = ITXComponent.h; path = ../include/ITXComponent.h; sourceTree = "<group>"; };
		10046EB521AC1C620058FE5B /* UtilCore.m */ = {isa = PBXFileReference; fileEncoding = 4; lastKnownFileType = sourcecode.c.objc; path = UtilCore.m; sourceTree = "<group>"; };
		10046EB721AC1E790058FE5B /* UtilCore.h */ = {isa = PBXFileReference; lastKnownFileType = sourcecode.c.h; name = UtilCore.h; path = ../include/UtilCore.h; sourceTree = "<group>"; };
		10046EBE21AC23050058FE5B /* XMLDictionary.m */ = {isa = PBXFileReference; fileEncoding = 4; lastKnownFileType = sourcecode.c.objc; path = XMLDictionary.m; sourceTree = "<group>"; };
		10046EC021AC23050058FE5B /* XMLDictionary.h */ = {isa = PBXFileReference; fileEncoding = 4; lastKnownFileType = sourcecode.c.h; path = XMLDictionary.h; sourceTree = "<group>"; };
		10B5BE5521ACE194006524A2 /* ClassMetaInfo.h */ = {isa = PBXFileReference; fileEncoding = 4; lastKnownFileType = sourcecode.c.h; path = ClassMetaInfo.h; sourceTree = "<group>"; };
		10B5BE5621ACE195006524A2 /* ClassMetaInfo.m */ = {isa = PBXFileReference; fileEncoding = 4; lastKnownFileType = sourcecode.c.objc; path = ClassMetaInfo.m; sourceTree = "<group>"; };
		10B5BE5F21ACFFCA006524A2 /* core.xml */ = {isa = PBXFileReference; lastKnownFileType = text.xml; name = core.xml; path = ../DemoEchoApp/Resource/core.xml; sourceTree = "<group>"; };
		10B5BE9021AD6E2A006524A2 /* ComponentObjectRoot.m */ = {isa = PBXFileReference; fileEncoding = 4; lastKnownFileType = sourcecode.c.objc; path = ComponentObjectRoot.m; sourceTree = "<group>"; };
/* End PBXFileReference section */

/* Begin PBXFrameworksBuildPhase section */
		10046D7F21A6D48D0058FE5B /* Frameworks */ = {
			isa = PBXFrameworksBuildPhase;
			buildActionMask = 2147483647;
			files = (
			);
			runOnlyForDeploymentPostprocessing = 0;
		};
/* End PBXFrameworksBuildPhase section */

/* Begin PBXGroup section */
		10046D7921A6D48D0058FE5B = {
			isa = PBXGroup;
			children = (
				10B5BE5F21ACFFCA006524A2 /* core.xml */,
				10046EB721AC1E790058FE5B /* UtilCore.h */,
				10046DE721A6E0110058FE5B /* ComponentObjectRoot.h */,
				10046DE821A6E0110058FE5B /* IObjectFactory.h */,
				10046DE521A6E0110058FE5B /* IServiceCenter.h */,
				10046DE921A6E0110058FE5B /* ITXComponent.h */,
				10046DE621A6E0110058FE5B /* ITXCoreCenter.h */,
				10046D8421A6D48D0058FE5B /* FalcoComFramework */,
				10046D8321A6D48D0058FE5B /* Products */,
			);
			sourceTree = "<group>";
		};
		10046D8321A6D48D0058FE5B /* Products */ = {
			isa = PBXGroup;
			children = (
				10046D8221A6D48D0058FE5B /* libFalcoComFramework.a */,
			);
			name = Products;
			sourceTree = "<group>";
		};
		10046D8421A6D48D0058FE5B /* FalcoComFramework */ = {
			isa = PBXGroup;
			children = (
				10046EC021AC23050058FE5B /* XMLDictionary.h */,
				10046EBE21AC23050058FE5B /* XMLDictionary.m */,
				10046EB521AC1C620058FE5B /* UtilCore.m */,
				10B5BE9021AD6E2A006524A2 /* ComponentObjectRoot.m */,
				10B5BE5521ACE194006524A2 /* ClassMetaInfo.h */,
				10B5BE5621ACE195006524A2 /* ClassMetaInfo.m */,
				10046DD421A6D8500058FE5B /* ComponentMgr.h */,
				10046DD821A6D8500058FE5B /* ComponentMgr.m */,
				10046DD321A6D84F0058FE5B /* ObjectFactory.h */,
				10046DD721A6D8500058FE5B /* ObjectFactory.m */,
				10046DD521A6D8500058FE5B /* ServiceCenter.h */,
				10046DD021A6D84F0058FE5B /* ServiceCenter.m */,
				10046D8521A6D48D0058FE5B /* FalcoComFramework.h */,
				10046D8621A6D48D0058FE5B /* FalcoComFramework.m */,
			);
			path = FalcoComFramework;
			sourceTree = "<group>";
		};
/* End PBXGroup section */

/* Begin PBXNativeTarget section */
		10046D8121A6D48D0058FE5B /* FalcoComFramework */ = {
			isa = PBXNativeTarget;
			buildConfigurationList = 10046D8B21A6D48D0058FE5B /* Build configuration list for PBXNativeTarget "FalcoComFramework" */;
			buildPhases = (
				10046D7E21A6D48D0058FE5B /* Sources */,
				10046D7F21A6D48D0058FE5B /* Frameworks */,
				10046D8021A6D48D0058FE5B /* CopyFiles */,
			);
			buildRules = (
			);
			dependencies = (
			);
			name = FalcoComFramework;
			productName = FalcoComFramework;
			productReference = 10046D8221A6D48D0058FE5B /* libFalcoComFramework.a */;
			productType = "com.apple.product-type.library.static";
		};
/* End PBXNativeTarget section */

/* Begin PBXProject section */
		10046D7A21A6D48D0058FE5B /* Project object */ = {
			isa = PBXProject;
			attributes = {
				LastUpgradeCheck = 1010;
				ORGANIZATIONNAME = applechang;
				TargetAttributes = {
					10046D8121A6D48D0058FE5B = {
						CreatedOnToolsVersion = 10.1;
					};
				};
			};
			buildConfigurationList = 10046D7D21A6D48D0058FE5B /* Build configuration list for PBXProject "FalcoComFramework" */;
			compatibilityVersion = "Xcode 9.3";
			developmentRegion = en;
			hasScannedForEncodings = 0;
			knownRegions = (
				en,
			);
			mainGroup = 10046D7921A6D48D0058FE5B;
			productRefGroup = 10046D8321A6D48D0058FE5B /* Products */;
			projectDirPath = "";
			projectRoot = "";
			targets = (
				10046D8121A6D48D0058FE5B /* FalcoComFramework */,
			);
		};
/* End PBXProject section */

/* Begin PBXSourcesBuildPhase section */
		10046D7E21A6D48D0058FE5B /* Sources */ = {
			isa = PBXSourcesBuildPhase;
			buildActionMask = 2147483647;
			files = (
				10046EB621AC1C620058FE5B /* UtilCore.m in Sources */,
				10046DDD21A6D8500058FE5B /* ComponentMgr.m in Sources */,
				10B5BE5721ACE195006524A2 /* ClassMetaInfo.m in Sources */,
				10046DDC21A6D8500058FE5B /* ObjectFactory.m in Sources */,
				10046D8721A6D48D0058FE5B /* FalcoComFramework.m in Sources */,
				10B5BE9121AD6E2B006524A2 /* ComponentObjectRoot.m in Sources */,
				10046DDA21A6D8500058FE5B /* ServiceCenter.m in Sources */,
				10046EC121AC23050058FE5B /* XMLDictionary.m in Sources */,
			);
			runOnlyForDeploymentPostprocessing = 0;
		};
/* End PBXSourcesBuildPhase section */

/* Begin XCBuildConfiguration section */
		10046D8921A6D48D0058FE5B /* Debug */ = {
			isa = XCBuildConfiguration;
			buildSettings = {
				ALWAYS_SEARCH_USER_PATHS = NO;
				CLANG_ANALYZER_NONNULL = YES;
				CLANG_ANALYZER_NUMBER_OBJECT_CONVERSION = YES_AGGRESSIVE;
				CLANG_CXX_LANGUAGE_STANDARD = "gnu++14";
				CLANG_CXX_LIBRARY = "libc++";
				CLANG_ENABLE_MODULES = YES;
				CLANG_ENABLE_OBJC_ARC = YES;
				CLANG_ENABLE_OBJC_WEAK = YES;
				CLANG_WARN_BLOCK_CAPTURE_AUTORELEASING = YES;
				CLANG_WARN_BOOL_CONVERSION = YES;
				CLANG_WARN_COMMA = YES;
				CLANG_WARN_CONSTANT_CONVERSION = YES;
				CLANG_WARN_DEPRECATED_OBJC_IMPLEMENTATIONS = YES;
				CLANG_WARN_DIRECT_OBJC_ISA_USAGE = YES_ERROR;
				CLANG_WARN_DOCUMENTATION_COMMENTS = YES;
				CLANG_WARN_EMPTY_BODY = YES;
				CLANG_WARN_ENUM_CONVERSION = YES;
				CLANG_WARN_INFINITE_RECURSION = YES;
				CLANG_WARN_INT_CONVERSION = YES;
				CLANG_WARN_NON_LITERAL_NULL_CONVERSION = YES;
				CLANG_WARN_OBJC_IMPLICIT_RETAIN_SELF = YES;
				CLANG_WARN_OBJC_LITERAL_CONVERSION = YES;
				CLANG_WARN_OBJC_ROOT_CLASS = YES_ERROR;
				CLANG_WARN_RANGE_LOOP_ANALYSIS = YES;
				CLANG_WARN_STRICT_PROTOTYPES = YES;
				CLANG_WARN_SUSPICIOUS_MOVE = YES;
				CLANG_WARN_UNGUARDED_AVAILABILITY = YES_AGGRESSIVE;
				CLANG_WARN_UNREACHABLE_CODE = YES;
				CLANG_WARN__DUPLICATE_METHOD_MATCH = YES;
				CODE_SIGN_IDENTITY = "iPhone Developer";
				COPY_PHASE_STRIP = NO;
				DEBUG_INFORMATION_FORMAT = dwarf;
				ENABLE_STRICT_OBJC_MSGSEND = YES;
				ENABLE_TESTABILITY = YES;
				GCC_C_LANGUAGE_STANDARD = gnu11;
				GCC_DYNAMIC_NO_PIC = NO;
				GCC_NO_COMMON_BLOCKS = YES;
				GCC_OPTIMIZATION_LEVEL = 0;
				GCC_PREPROCESSOR_DEFINITIONS = (
					"DEBUG=1",
					"$(inherited)",
				);
				GCC_WARN_64_TO_32_BIT_CONVERSION = YES;
				GCC_WARN_ABOUT_RETURN_TYPE = YES_ERROR;
				GCC_WARN_UNDECLARED_SELECTOR = YES;
				GCC_WARN_UNINITIALIZED_AUTOS = YES_AGGRESSIVE;
				GCC_WARN_UNUSED_FUNCTION = YES;
				GCC_WARN_UNUSED_VARIABLE = YES;
				IPHONEOS_DEPLOYMENT_TARGET = 12.1;
				MTL_ENABLE_DEBUG_INFO = INCLUDE_SOURCE;
				MTL_FAST_MATH = YES;
				ONLY_ACTIVE_ARCH = YES;
				SDKROOT = iphoneos;
			};
			name = Debug;
		};
		10046D8A21A6D48D0058FE5B /* Release */ = {
			isa = XCBuildConfiguration;
			buildSettings = {
				ALWAYS_SEARCH_USER_PATHS = NO;
				CLANG_ANALYZER_NONNULL = YES;
				CLANG_ANALYZER_NUMBER_OBJECT_CONVERSION = YES_AGGRESSIVE;
				CLANG_CXX_LANGUAGE_STANDARD = "gnu++14";
				CLANG_CXX_LIBRARY = "libc++";
				CLANG_ENABLE_MODULES = YES;
				CLANG_ENABLE_OBJC_ARC = YES;
				CLANG_ENABLE_OBJC_WEAK = YES;
				CLANG_WARN_BLOCK_CAPTURE_AUTORELEASING = YES;
				CLANG_WARN_BOOL_CONVERSION = YES;
				CLANG_WARN_COMMA = YES;
				CLANG_WARN_CONSTANT_CONVERSION = YES;
				CLANG_WARN_DEPRECATED_OBJC_IMPLEMENTATIONS = YES;
				CLANG_WARN_DIRECT_OBJC_ISA_USAGE = YES_ERROR;
				CLANG_WARN_DOCUMENTATION_COMMENTS = YES;
				CLANG_WARN_EMPTY_BODY = YES;
				CLANG_WARN_ENUM_CONVERSION = YES;
				CLANG_WARN_INFINITE_RECURSION = YES;
				CLANG_WARN_INT_CONVERSION = YES;
				CLANG_WARN_NON_LITERAL_NULL_CONVERSION = YES;
				CLANG_WARN_OBJC_IMPLICIT_RETAIN_SELF = YES;
				CLANG_WARN_OBJC_LITERAL_CONVERSION = YES;
				CLANG_WARN_OBJC_ROOT_CLASS = YES_ERROR;
				CLANG_WARN_RANGE_LOOP_ANALYSIS = YES;
				CLANG_WARN_STRICT_PROTOTYPES = YES;
				CLANG_WARN_SUSPICIOUS_MOVE = YES;
				CLANG_WARN_UNGUARDED_AVAILABILITY = YES_AGGRESSIVE;
				CLANG_WARN_UNREACHABLE_CODE = YES;
				CLANG_WARN__DUPLICATE_METHOD_MATCH = YES;
				CODE_SIGN_IDENTITY = "iPhone Developer";
				COPY_PHASE_STRIP = NO;
				DEBUG_INFORMATION_FORMAT = "dwarf-with-dsym";
				ENABLE_NS_ASSERTIONS = NO;
				ENABLE_STRICT_OBJC_MSGSEND = YES;
				GCC_C_LANGUAGE_STANDARD = gnu11;
				GCC_NO_COMMON_BLOCKS = YES;
				GCC_WARN_64_TO_32_BIT_CONVERSION = YES;
				GCC_WARN_ABOUT_RETURN_TYPE = YES_ERROR;
				GCC_WARN_UNDECLARED_SELECTOR = YES;
				GCC_WARN_UNINITIALIZED_AUTOS = YES_AGGRESSIVE;
				GCC_WARN_UNUSED_FUNCTION = YES;
				GCC_WARN_UNUSED_VARIABLE = YES;
				IPHONEOS_DEPLOYMENT_TARGET = 12.1;
				MTL_ENABLE_DEBUG_INFO = NO;
				MTL_FAST_MATH = YES;
				SDKROOT = iphoneos;
				VALIDATE_PRODUCT = YES;
			};
			name = Release;
		};
		10046D8C21A6D48D0058FE5B /* Debug */ = {
			isa = XCBuildConfiguration;
			buildSettings = {
				CODE_SIGN_STYLE = Automatic;
				DEVELOPMENT_TEAM = A53TH6WKN2;
				HEADER_SEARCH_PATHS = "\"$(PROJECT_DIR)/../include\"";
				OTHER_LDFLAGS = "-ObjC";
				PRODUCT_NAME = "$(TARGET_NAME)";
				SKIP_INSTALL = YES;
				TARGETED_DEVICE_FAMILY = "1,2";
			};
			name = Debug;
		};
		10046D8D21A6D48D0058FE5B /* Release */ = {
			isa = XCBuildConfiguration;
			buildSettings = {
				CODE_SIGN_STYLE = Automatic;
				DEVELOPMENT_TEAM = A53TH6WKN2;
				HEADER_SEARCH_PATHS = "\"$(PROJECT_DIR)/../include\"";
				OTHER_LDFLAGS = "-ObjC";
				PRODUCT_NAME = "$(TARGET_NAME)";
				SKIP_INSTALL = YES;
				TARGETED_DEVICE_FAMILY = "1,2";
			};
			name = Release;
		};
/* End XCBuildConfiguration section */

/* Begin XCConfigurationList section */
		10046D7D21A6D48D0058FE5B /* Build configuration list for PBXProject "FalcoComFramework" */ = {
			isa = XCConfigurationList;
			buildConfigurations = (
				10046D8921A6D48D0058FE5B /* Debug */,
				10046D8A21A6D48D0058FE5B /* Release */,
			);
			defaultConfigurationIsVisible = 0;
			defaultConfigurationName = Release;
		};
		10046D8B21A6D48D0058FE5B /* Build configuration list for PBXNativeTarget "FalcoComFramework" */ = {
			isa = XCConfigurationList;
			buildConfigurations = (
				10046D8C21A6D48D0058FE5B /* Debug */,
				10046D8D21A6D48D0058FE5B /* Release */,
			);
			defaultConfigurationIsVisible = 0;
			defaultConfigurationName = Release;
		};
/* End XCConfigurationList section */
	};
	rootObject = 10046D7A21A6D48D0058FE5B /* Project object */;
}
